
Microsoft Visual Studio Solution File, Format Version 12.00
# Visual Studio Version 17
VisualStudioVersion = 17.5.33502.453
MinimumVisualStudioVersion = 10.0.40219.1
Project("{FAE04EC0-301F-11D3-BF4B-00C04F79EFBC}") = "BlogProject", "BlogProject\BlogProject.csproj", "{8194445B-8115-4764-9D7C-8B08B22C43CA}"
EndProject
Project("{9A19103F-16F7-4668-BE54-9A1E7A4F7556}") = "BlogProjesi", "BlogProjesi\BlogProjesi.csproj", "{1235E2E7-CA89-443A-87FD-843F4DF144C4}"
EndProject
Project("{9A19103F-16F7-4668-BE54-9A1E7A4F7556}") = "Business", "Business\Business.csproj", "{80FD9988-EC94-4F7C-81B8-E1D9C2A3FF65}"
EndProject
Project("{9A19103F-16F7-4668-BE54-9A1E7A4F7556}") = "Entity", "Entity\Entity.csproj", "{E2650738-EFD2-4BBC-99ED-5EF519A087D3}"
EndProject
Project("{9A19103F-16F7-4668-BE54-9A1E7A4F7556}") = "DataAccess", "DataAccess\DataAccess.csproj", "{05C407FF-47EE-454E-87BB-3A5FED2FF69D}"
EndProject
Project("{9A19103F-16F7-4668-BE54-9A1E7A4F7556}") = "CoreL", "CoreL\CoreL.csproj", "{2B585D3D-1CBC-49B6-B45B-02EEDDC68A94}"
EndProject
Project("{9A19103F-16F7-4668-BE54-9A1E7A4F7556}") = "BlogProjesiAPI", "BlogProjesiAPI\BlogProjesiAPI.csproj", "{5ADF9F15-DB60-4602-9477-DC728A4D8C66}"
EndProject
Global
	GlobalSection(SolutionConfigurationPlatforms) = preSolution
		Debug|Any CPU = Debug|Any CPU
		Release|Any CPU = Release|Any CPU
	EndGlobalSection
	GlobalSection(ProjectConfigurationPlatforms) = postSolution
		{8194445B-8115-4764-9D7C-8B08B22C43CA}.Debug|Any CPU.ActiveCfg = Debug|Any CPU
		{8194445B-8115-4764-9D7C-8B08B22C43CA}.Debug|Any CPU.Build.0 = Debug|Any CPU
		{8194445B-8115-4764-9D7C-8B08B22C43CA}.Release|Any CPU.ActiveCfg = Release|Any CPU
		{8194445B-8115-4764-9D7C-8B08B22C43CA}.Release|Any CPU.Build.0 = Release|Any CPU
		{1235E2E7-CA89-443A-87FD-843F4DF144C4}.Debug|Any CPU.ActiveCfg = Debug|Any CPU
		{1235E2E7-CA89-443A-87FD-843F4DF144C4}.Debug|Any CPU.Build.0 = Debug|Any CPU
		{1235E2E7-CA89-443A-87FD-843F4DF144C4}.Release|Any CPU.ActiveCfg = Release|Any CPU
		{1235E2E7-CA89-443A-87FD-843F4DF144C4}.Release|Any CPU.Build.0 = Release|Any CPU
		{80FD9988-EC94-4F7C-81B8-E1D9C2A3FF65}.Debug|Any CPU.ActiveCfg = Debug|Any CPU
		{80FD9988-EC94-4F7C-81B8-E1D9C2A3FF65}.Debug|Any CPU.Build.0 = Debug|Any CPU
		{80FD9988-EC94-4F7C-81B8-E1D9C2A3FF65}.Release|Any CPU.ActiveCfg = Release|Any CPU
		{80FD9988-EC94-4F7C-81B8-E1D9C2A3FF65}.Release|Any CPU.Build.0 = Release|Any CPU
		{E2650738-EFD2-4BBC-99ED-5EF519A087D3}.Debug|Any CPU.ActiveCfg = Debug|Any CPU
		{E2650738-EFD2-4BBC-99ED-5EF519A087D3}.Debug|Any CPU.Build.0 = Debug|Any CPU
		{E2650738-EFD2-4BBC-99ED-5EF519A087D3}.Release|Any CPU.ActiveCfg = Release|Any CPU
		{E2650738-EFD2-4BBC-99ED-5EF519A087D3}.Release|Any CPU.Build.0 = Release|Any CPU
		{05C407FF-47EE-454E-87BB-3A5FED2FF69D}.Debug|Any CPU.ActiveCfg = Debug|Any CPU
		{05C407FF-47EE-454E-87BB-3A5FED2FF69D}.Debug|Any CPU.Build.0 = Debug|Any CPU
		{05C407FF-47EE-454E-87BB-3A5FED2FF69D}.Release|Any CPU.ActiveCfg = Release|Any CPU
		{05C407FF-47EE-454E-87BB-3A5FED2FF69D}.Release|Any CPU.Build.0 = Release|Any CPU
		{2B585D3D-1CBC-49B6-B45B-02EEDDC68A94}.Debug|Any CPU.ActiveCfg = Debug|Any CPU
		{2B585D3D-1CBC-49B6-B45B-02EEDDC68A94}.Debug|Any CPU.Build.0 = Debug|Any CPU
		{2B585D3D-1CBC-49B6-B45B-02EEDDC68A94}.Release|Any CPU.ActiveCfg = Release|Any CPU
		{2B585D3D-1CBC-49B6-B45B-02EEDDC68A94}.Release|Any CPU.Build.0 = Release|Any CPU
		{5ADF9F15-DB60-4602-9477-DC728A4D8C66}.Debug|Any CPU.ActiveCfg = Debug|Any CPU
		{5ADF9F15-DB60-4602-9477-DC728A4D8C66}.Debug|Any CPU.Build.0 = Debug|Any CPU
		{5ADF9F15-DB60-4602-9477-DC728A4D8C66}.Release|Any CPU.ActiveCfg = Release|Any CPU
		{5ADF9F15-DB60-4602-9477-DC728A4D8C66}.Release|Any CPU.Build.0 = Release|Any CPU
	EndGlobalSection
	GlobalSection(SolutionProperties) = preSolution
		HideSolutionNode = FALSE
	EndGlobalSection
	GlobalSection(ExtensibilityGlobals) = postSolution
		SolutionGuid = {BBE80F38-57D1-4B8A-BEB9-4763B894A420}
	EndGlobalSection
EndGlobal
